schema: '2.0'
stages:
  extraction:
    cmd: python scripts/data_extraction.py
    deps:
    - path: scripts/data_extraction.py
      md5: bd26ebf08bb34765b069f74b78a01c40
      size: 7834
    outs:
    - path: Data/new_data.csv
      md5: ca72aa9fec59c25f82c836ef67b12c14
      size: 17905
    - path: Data/raw_data.csv
      md5: f7458ceead64321e158308ccb117e799
      size: 330310
  preparation:
    cmd: python scripts/data_preparation.py Data/raw_data.csv
    deps:
    - path: Data/raw_data.csv
      md5: 032d306822104036fa9813ff87613ea6
      size: 355446
    - path: scripts/data_preparation.py
      md5: edd57826455099fa45fea3031f9d6840
      size: 2021
    outs:
    - path: Data/preprocess_data.csv
      md5: d384ebb8283b703dc289838a47c28eca
      size: 120349
