schema: '2.0'
stages:
  extraction:
    cmd: python scripts/data_extraction.py
    deps:
    - path: scripts/data_extraction.py
      md5: 5e5df70631087f04ca64a7661629a9f6
      size: 8131
    outs:
    - path: Data/new_raw_data.csv
      md5: 48edf7a7ef2bb75c29e21ac78c42aab3
      size: 17878
    - path: Data/raw_data.csv
      md5: 6751f90e1d63654252c867aca1192056
      size: 330291
  preparation:
    cmd: python scripts/data_preparation.py Data/raw_data.csv Data/new_raw_data.csv
    deps:
    - path: Data/new_raw_data.csv
      md5: 48edf7a7ef2bb75c29e21ac78c42aab3
      size: 17878
    - path: Data/raw_data.csv
      md5: 6751f90e1d63654252c867aca1192056
      size: 330291
    - path: scripts/data_preparation.py
      md5: ace5abef248cb3fe8147859339871ee2
      size: 2799
    outs:
    - path: Data/final_data.csv
      md5: a983ec88675ab760840f8d42e6baffa8
      size: 126953
    - path: Data/preprocess_data.csv
      md5: a01d43b0195eb4a6c299bed2b844ccd6
      size: 120439
    - path: Data/preprocess_new_data.csv
      md5: 4d20b4bd5844292f71f36a1d66a52313
      size: 6665
  training:
    cmd: python scripts/model_training.py Data/final_data.csv
    deps:
    - path: Data/final_data.csv
      md5: a983ec88675ab760840f8d42e6baffa8
      size: 126953
    - path: scripts/model_training.py
      md5: a4aeae217cc7e22f8e8df80cc9c98e25
      size: 21905
  monitoring:
    cmd: python scripts/model_monitoring.py Data/preprocess_data.csv Data/preprocess_new_data.csv
    deps:
    - path: Data/preprocess_data.csv
      md5: a01d43b0195eb4a6c299bed2b844ccd6
      size: 120439
    - path: Data/preprocess_new_data.csv
      md5: 4d20b4bd5844292f71f36a1d66a52313
      size: 6665
    - path: scripts/model_monitoring.py
      md5: 6a480e94b17680dc2bd4e218be6123d9
      size: 5142
    outs:
    - path: reports/classification_report.html
      md5: 9c6b4fbcfc449da5ec74c5dfde877e25
      size: 2744580
    - path: reports/data_drift.html
      md5: bbf75007d77b2fbc1d537733ae5a43eb
      size: 2901591
    - path: reports/data_quality.html
      md5: 81cd9902a405563da834401e44aa1a03
      size: 2874293
    - path: reports/target_drift.html
      md5: be532c39cac8313d0b1a0d04fb6e7481
      size: 2749841
    - path: reports/test_classification_report.html
      md5: 39d827a3651953c05f82bfdde43239d2
      size: 2762064
