schema: '2.0'
stages:
  extraction:
    cmd: python scripts/data_extraction.py
    deps:
    - path: scripts/data_extraction.py
      md5: 5e5df70631087f04ca64a7661629a9f6
      size: 8131
    outs:
    - path: Data/new_raw_data.csv
      md5: 48edf7a7ef2bb75c29e21ac78c42aab3
      size: 17878
    - path: Data/raw_data.csv
      md5: 6751f90e1d63654252c867aca1192056
      size: 330291
  preparation:
    cmd: python scripts/data_preparation.py Data/raw_data.csv Data/new_raw_data.csv
    deps:
    - path: Data/new_raw_data.csv
      md5: 48edf7a7ef2bb75c29e21ac78c42aab3
      size: 17878
    - path: Data/raw_data.csv
      md5: 6751f90e1d63654252c867aca1192056
      size: 330291
    - path: scripts/data_preparation.py
      md5: a1c791d6ba45a707ad88c6815c465190
      size: 2656
    outs:
    - path: Data/final_data.csv
      md5: 39c488fb8655a5904efdcaf136abe9b7
      size: 123144
    - path: Data/preprocess_data.csv
      md5: 135deb6d377d1203d2b51c1451ccb135
      size: 116830
    - path: Data/preprocess_new_data.csv
      md5: d7e80290980adde45fd819296c0a656d
      size: 6456
  training:
    cmd: python scripts/model_training.py Data/final_data.csv
    deps:
    - path: Data/final_data.csv
      md5: 39c488fb8655a5904efdcaf136abe9b7
      size: 123144
    - path: scripts/model_training.py
      md5: 8a63305fa3ed1fb7754b8e249bf3fe33
      size: 21878
  monitoring:
    cmd: python scripts/model_monitoring.py Data/preprocess_data.csv Data/preprocess_new_data.csv
    deps:
    - path: Data/preprocess_data.csv
      md5: 135deb6d377d1203d2b51c1451ccb135
      size: 116830
    - path: Data/preprocess_new_data.csv
      md5: d7e80290980adde45fd819296c0a656d
      size: 6456
    - path: scripts/model_monitoring.py
      md5: df29119cca1c8af33e4901a85548c4db
      size: 5104
    outs:
    - path: reports/classification_report.html
      md5: ff13861e99df63fb066675bd30c6f4be
      size: 2744609
    - path: reports/data_drift.html
      md5: 45294836a5144c60e163ceb3eb414b9e
      size: 2901588
    - path: reports/data_quality.html
      md5: ef77b63e2f8b29ba723d33f2b39aa1e4
      size: 2873833
    - path: reports/target_drift.html
      md5: 51ebc7c300782c55075ea17c3836ed26
      size: 2749742
    - path: reports/test_classification_report.html
      md5: 2b7a0281b679a13fd2adf46c5bc89f44
      size: 2762067
